
Microsoft Visual Studio Solution File, Format Version 12.00
# Visual Studio Version 17
VisualStudioVersion = 17.0.31903.59
MinimumVisualStudioVersion = 10.0.40219.1
Project("{2150E333-8FDC-42A3-9474-1A3956D46DE8}") = "SolutionItems", "SolutionItems", "{FE4C8244-6121-4084-B641-9EF731FB6190}"
	ProjectSection(SolutionItems) = preProject
		.editorconfig = .editorconfig
		allowedUsers.json = allowedUsers.json
		appsettings.json = appsettings.json
		Directory.Build.props = Directory.Build.props
		Directory.Packages.props = Directory.Packages.props
		GlobalSuppressions.cs = GlobalSuppressions.cs
	EndProjectSection
EndProject
Project("{2150E333-8FDC-42A3-9474-1A3956D46DE8}") = "src", "src", "{E4D348C2-D8B2-4B44-8343-9DBA77BF019F}"
EndProject
Project("{FAE04EC0-301F-11D3-BF4B-00C04F79EFBC}") = "AssistantBot.Tests", "src\AssistantBot\AssistantBot.Tests\AssistantBot.Tests.csproj", "{E579257F-7044-4B77-B840-D19EA333E790}"
EndProject
Project("{FAE04EC0-301F-11D3-BF4B-00C04F79EFBC}") = "AssistantBot.Logic", "src\AssistantBot\AssistantBot.Logic\AssistantBot.Logic.csproj", "{3550ACE1-1DB6-43B7-96C1-3BF7C30E074C}"
EndProject
Project("{FAE04EC0-301F-11D3-BF4B-00C04F79EFBC}") = "AssistantBot.Types", "src\AssistantBot\AssistantBot.Types\AssistantBot.Types.csproj", "{A5F6B086-3301-C4D4-EE20-D4EA2273A45E}"
EndProject
Project("{FAE04EC0-301F-11D3-BF4B-00C04F79EFBC}") = "AssistantBot.Interfaces", "src\AssistantBot\AssistantBot.Interfaces\AssistantBot.Interfaces.csproj", "{8D65D68C-476F-673A-11D6-05025B12D816}"
EndProject
Project("{FAE04EC0-301F-11D3-BF4B-00C04F79EFBC}") = "AssistantBot.Api", "src\AssistantBot\AssistantBot.Api\AssistantBot.Api.csproj", "{8CEFE079-8AD7-936D-7585-18FC23E72C9B}"
EndProject
Project("{2150E333-8FDC-42A3-9474-1A3956D46DE8}") = "AstroCalc", "AstroCalc", "{02EA681E-C7D8-13C7-8484-4AC65E1B71E8}"
EndProject
Project("{FAE04EC0-301F-11D3-BF4B-00C04F79EFBC}") = "BurningSunCalc.AstroCalc", "src\AstroCalc\BurningSunCalc.AstroCalc\BurningSunCalc.AstroCalc.csproj", "{3528F1EF-FAC6-75CB-D0D5-C31C22F02A56}"
EndProject
Project("{FAE04EC0-301F-11D3-BF4B-00C04F79EFBC}") = "BurningSunCalc.Interfaces", "src\AstroCalc\BurningSunCalc.Interfaces\BurningSunCalc.Interfaces.csproj", "{3F52248C-24BF-96DC-A5EA-9E6966E7521A}"
EndProject
Project("{FAE04EC0-301F-11D3-BF4B-00C04F79EFBC}") = "BurningSunCalc.Types", "src\AstroCalc\BurningSunCalc.Types\BurningSunCalc.Types.csproj", "{925AA09C-9F30-BF31-DD52-8DC904EA56A9}"
EndProject
Project("{FAE04EC0-301F-11D3-BF4B-00C04F79EFBC}") = "BurningSunCalc.UnitTests", "src\AstroCalc\BurningSunCalc.UnitTests\BurningSunCalc.UnitTests\BurningSunCalc.UnitTests.csproj", "{A24D0BD4-C849-4AD1-ACB4-388E60CB12C8}"
EndProject
Global
	GlobalSection(SolutionConfigurationPlatforms) = preSolution
		Debug|Any CPU = Debug|Any CPU
		Release|Any CPU = Release|Any CPU
	EndGlobalSection
	GlobalSection(ProjectConfigurationPlatforms) = postSolution
		{E579257F-7044-4B77-B840-D19EA333E790}.Debug|Any CPU.ActiveCfg = Debug|Any CPU
		{E579257F-7044-4B77-B840-D19EA333E790}.Debug|Any CPU.Build.0 = Debug|Any CPU
		{E579257F-7044-4B77-B840-D19EA333E790}.Release|Any CPU.ActiveCfg = Release|Any CPU
		{E579257F-7044-4B77-B840-D19EA333E790}.Release|Any CPU.Build.0 = Release|Any CPU
		{3550ACE1-1DB6-43B7-96C1-3BF7C30E074C}.Debug|Any CPU.ActiveCfg = Debug|Any CPU
		{3550ACE1-1DB6-43B7-96C1-3BF7C30E074C}.Debug|Any CPU.Build.0 = Debug|Any CPU
		{3550ACE1-1DB6-43B7-96C1-3BF7C30E074C}.Release|Any CPU.ActiveCfg = Release|Any CPU
		{3550ACE1-1DB6-43B7-96C1-3BF7C30E074C}.Release|Any CPU.Build.0 = Release|Any CPU
		{A5F6B086-3301-C4D4-EE20-D4EA2273A45E}.Debug|Any CPU.ActiveCfg = Debug|Any CPU
		{A5F6B086-3301-C4D4-EE20-D4EA2273A45E}.Debug|Any CPU.Build.0 = Debug|Any CPU
		{A5F6B086-3301-C4D4-EE20-D4EA2273A45E}.Release|Any CPU.ActiveCfg = Release|Any CPU
		{A5F6B086-3301-C4D4-EE20-D4EA2273A45E}.Release|Any CPU.Build.0 = Release|Any CPU
		{8D65D68C-476F-673A-11D6-05025B12D816}.Debug|Any CPU.ActiveCfg = Debug|Any CPU
		{8D65D68C-476F-673A-11D6-05025B12D816}.Debug|Any CPU.Build.0 = Debug|Any CPU
		{8D65D68C-476F-673A-11D6-05025B12D816}.Release|Any CPU.ActiveCfg = Release|Any CPU
		{8D65D68C-476F-673A-11D6-05025B12D816}.Release|Any CPU.Build.0 = Release|Any CPU
		{8CEFE079-8AD7-936D-7585-18FC23E72C9B}.Debug|Any CPU.ActiveCfg = Debug|Any CPU
		{8CEFE079-8AD7-936D-7585-18FC23E72C9B}.Debug|Any CPU.Build.0 = Debug|Any CPU
		{8CEFE079-8AD7-936D-7585-18FC23E72C9B}.Release|Any CPU.ActiveCfg = Release|Any CPU
		{8CEFE079-8AD7-936D-7585-18FC23E72C9B}.Release|Any CPU.Build.0 = Release|Any CPU
		{3528F1EF-FAC6-75CB-D0D5-C31C22F02A56}.Debug|Any CPU.ActiveCfg = Debug|Any CPU
		{3528F1EF-FAC6-75CB-D0D5-C31C22F02A56}.Debug|Any CPU.Build.0 = Debug|Any CPU
		{3528F1EF-FAC6-75CB-D0D5-C31C22F02A56}.Release|Any CPU.ActiveCfg = Release|Any CPU
		{3528F1EF-FAC6-75CB-D0D5-C31C22F02A56}.Release|Any CPU.Build.0 = Release|Any CPU
		{3F52248C-24BF-96DC-A5EA-9E6966E7521A}.Debug|Any CPU.ActiveCfg = Debug|Any CPU
		{3F52248C-24BF-96DC-A5EA-9E6966E7521A}.Debug|Any CPU.Build.0 = Debug|Any CPU
		{3F52248C-24BF-96DC-A5EA-9E6966E7521A}.Release|Any CPU.ActiveCfg = Release|Any CPU
		{3F52248C-24BF-96DC-A5EA-9E6966E7521A}.Release|Any CPU.Build.0 = Release|Any CPU
		{925AA09C-9F30-BF31-DD52-8DC904EA56A9}.Debug|Any CPU.ActiveCfg = Debug|Any CPU
		{925AA09C-9F30-BF31-DD52-8DC904EA56A9}.Debug|Any CPU.Build.0 = Debug|Any CPU
		{925AA09C-9F30-BF31-DD52-8DC904EA56A9}.Release|Any CPU.ActiveCfg = Release|Any CPU
		{925AA09C-9F30-BF31-DD52-8DC904EA56A9}.Release|Any CPU.Build.0 = Release|Any CPU
		{A24D0BD4-C849-4AD1-ACB4-388E60CB12C8}.Debug|Any CPU.ActiveCfg = Debug|Any CPU
		{A24D0BD4-C849-4AD1-ACB4-388E60CB12C8}.Debug|Any CPU.Build.0 = Debug|Any CPU
		{A24D0BD4-C849-4AD1-ACB4-388E60CB12C8}.Release|Any CPU.ActiveCfg = Release|Any CPU
		{A24D0BD4-C849-4AD1-ACB4-388E60CB12C8}.Release|Any CPU.Build.0 = Release|Any CPU
	EndGlobalSection
	GlobalSection(SolutionProperties) = preSolution
		HideSolutionNode = FALSE
	EndGlobalSection
	GlobalSection(NestedProjects) = preSolution
		{E579257F-7044-4B77-B840-D19EA333E790} = {E4D348C2-D8B2-4B44-8343-9DBA77BF019F}
		{3550ACE1-1DB6-43B7-96C1-3BF7C30E074C} = {E4D348C2-D8B2-4B44-8343-9DBA77BF019F}
		{A5F6B086-3301-C4D4-EE20-D4EA2273A45E} = {E4D348C2-D8B2-4B44-8343-9DBA77BF019F}
		{8D65D68C-476F-673A-11D6-05025B12D816} = {E4D348C2-D8B2-4B44-8343-9DBA77BF019F}
		{8CEFE079-8AD7-936D-7585-18FC23E72C9B} = {E4D348C2-D8B2-4B44-8343-9DBA77BF019F}
		{02EA681E-C7D8-13C7-8484-4AC65E1B71E8} = {E4D348C2-D8B2-4B44-8343-9DBA77BF019F}
		{3528F1EF-FAC6-75CB-D0D5-C31C22F02A56} = {02EA681E-C7D8-13C7-8484-4AC65E1B71E8}
		{3F52248C-24BF-96DC-A5EA-9E6966E7521A} = {02EA681E-C7D8-13C7-8484-4AC65E1B71E8}
		{925AA09C-9F30-BF31-DD52-8DC904EA56A9} = {02EA681E-C7D8-13C7-8484-4AC65E1B71E8}
		{A24D0BD4-C849-4AD1-ACB4-388E60CB12C8} = {02EA681E-C7D8-13C7-8484-4AC65E1B71E8}
	EndGlobalSection
	GlobalSection(ExtensibilityGlobals) = postSolution
		SolutionGuid = {320CC132-3566-4382-ADCB-5CB565FD5CB8}
	EndGlobalSection
EndGlobal
